PODS:
  - Alamofire (5.4.4)
  - AlamofireImage (4.2.0):
    - Alamofire (~> 5.4)
  - iOSSnapshotTestCase (8.0.0):
    - iOSSnapshotTestCase/SwiftSupport (= 8.0.0)
  - iOSSnapshotTestCase/Core (8.0.0)
  - iOSSnapshotTestCase/SwiftSupport (8.0.0):
    - iOSSnapshotTestCase/Core
  - Mocker (2.5.5)
  - NVActivityIndicatorView (5.1.1):
    - NVActivityIndicatorView/Base (= 5.1.1)
  - NVActivityIndicatorView/Base (5.1.1)

DEPENDENCIES:
  - Alamofire (~> 5.4)
  - AlamofireImage (~> 4.1)
  - iOSSnapshotTestCase
  - Mocker (~> 2.5)
  - NVActivityIndicatorView (~> 5.1)

SPEC REPOS:
  trunk:
    - Alamofire
    - AlamofireImage
    - iOSSnapshotTestCase
    - Mocker
    - NVActivityIndicatorView

SPEC CHECKSUMS:
  Alamofire: f3b09a368f1582ab751b3fff5460276e0d2cf5c9
  AlamofireImage: 34a2d90b0e5fe6a5605f85ae4b7b01e784c60192
  iOSSnapshotTestCase: a670511f9ee3829c2b9c23e6e68f315fd7b6790f
  Mocker: 8c731a8104962f246cadf2b02556218e9edc1390
  NVActivityIndicatorView: 1f6c5687f1171810aa27a3296814dc2d7dec3667

PODFILE CHECKSUM: c0cce48321c94418f27654bd93e2961b342ebe61

COCOAPODS: 1.10.2
